github.com/davecgh/go-spew v1.1.1 h1:vj9j/u1bqnvCEfJOwUhtlOARqs3+rkHYY13jYWTU97c=
github.com/davecgh/go-spew v1.1.1/go.mod h1:J7Y8YcW2NihsgmVo/mv3lAwl/skON4iLHjSsI+c5H38=
github.com/dunv/uhelpers v1.0.11/go.mod h1:Y8BAqY06wly5JR18Yh7vpPSZ7aR950QoxTAQZD5lE9E=
github.com/dunv/uhelpers v1.0.12 h1:Uu7iJqlQEciPHRQ4KCpbOurHbeCa+r9jJGyldmvFkVk=
github.com/dunv/uhelpers v1.0.12/go.mod h1:Y8BAqY06wly5JR18Yh7vpPSZ7aR950QoxTAQZD5lE9E=
github.com/dunv/ulog v1.0.14 h1:RB8FCA+cXfK3idZnTgsRs7hvKD/ifEkL7NQV5IHDbWY=
github.com/dunv/ulog v1.0.14/go.mod h1:FZ+CtNEmE7f9EDAceYJO4QULUlfNCrHKu3mx/rzkaGI=
github.com/dunv/ulog v1.0.16 h1:KyocpaZ/fSu/pUz4NToo3ZidjWBnFgwTHa/IwFZX1o8=
github.com/dunv/ulog v1.0.16/go.mod h1:FZ+CtNEmE7f9EDAceYJO4QULUlfNCrHKu3mx/rzkaGI=
github.com/dunv/ulog v1.0.18 h1:X2w2X/u/qQj5m454HTEZ6vt7qFcRClKahlrwjqLVTls=
github.com/dunv/ulog v1.0.18/go.mod h1:FZ+CtNEmE7f9EDAceYJO4QULUlfNCrHKu3mx/rzkaGI=
