github.com/dunv/uhelpers v1.0.13 h1:KAJeW7TXp3Sxm1gFQb14hVnvuWYhX4EUmDkRptQi1uM=
github.com/dunv/uhelpers v1.0.13/go.mod h1:Y8BAqY06wly5JR18Yh7vpPSZ7aR950QoxTAQZD5lE9E=
github.com/dunv/ulog v1.0.21 h1:pQI23ZYlOQxuMO2UdSyLMKEd2j7b7F9SU4fx9LVpVA0=
github.com/dunv/ulog v1.0.21/go.mod h1:JZjdPp7VISNNv33pPyoq6bbMDpunI8qEp5nQ6QhSPXA=
github.com/itchio/go-brotli v0.0.0-20190702114328-3f28d645a45c h1:Jf20xV/yR/O6eSUqLTuXhka/+54YR59sGwN7b3MkxYk=
github.com/itchio/go-brotli v0.0.0-20190702114328-3f28d645a45c/go.mod h1:oRXh43p/JW9kWosasd+2kHfDpb1ec4m7YrZ5E39s1iI=
